{
  "name": "test",
  "lockfileVersion": 3,
  "requires": true,
  "packages": {
    "": {
      "dependencies": {
        "raw.macro": "^0.7.0"
      }
    },
    "node_modules/raw.macro": {
      "version": "0.7.0",
      "resolved": "https://registry.npmjs.org/raw.macro/-/raw.macro-0.7.0.tgz",
      "integrity": "sha512-SVAShKzXzPHXg6x9bRMjcHWHj3xKqSyBG9x/alSeXOPmpAWb/wl/nZAHxpa5UDDptyA8z0ZJt1nArbZnmeFvpA==",
      "engines": {
        "node": ">=14.0.0"
      },
      "peerDependencies": {
        "babel-plugin-macros": "^2.8.0"
      },
      "peerDependenciesMeta": {
        "babel-plugin-macros": {
          "optional": true
        }
      }
    }
  }
}
