# THIS IS AN AUTOGENERATED FILE. DO NOT EDIT THIS FILE DIRECTLY.
# yarn lockfile v1


raw.macro@^0.7.0:
  version "0.7.0"
  resolved "https://registry.yarnpkg.com/raw.macro/-/raw.macro-0.7.0.tgz#3cb47025bb4b1b6a9ec42f0d328a22efab6231eb"
  integrity sha512-SVAShKzXzPHXg6x9bRMjcHWHj3xKqSyBG9x/alSeXOPmpAWb/wl/nZAHxpa5UDDptyA8z0ZJt1nArbZnmeFvpA==
